
Microsoft Visual Studio Solution File, Format Version 12.00
# Visual Studio Version 17
VisualStudioVersion = 17.4.33213.308
MinimumVisualStudioVersion = 10.0.40219.1
Project("{FAE04EC0-301F-11D3-BF4B-00C04F79EFBC}") = "DailyReport", "DailyReport.csproj", "{EE808E7B-14E6-4A3F-8AA2-7ACA99ACF2A2}"
EndProject
Global
	GlobalSection(SolutionConfigurationPlatforms) = preSolution
		Debug|Any CPU = Debug|Any CPU
		Release|Any CPU = Release|Any CPU
	EndGlobalSection
	GlobalSection(ProjectConfigurationPlatforms) = postSolution
		{EE808E7B-14E6-4A3F-8AA2-7ACA99ACF2A2}.Debug|Any CPU.ActiveCfg = Debug|Any CPU
		{EE808E7B-14E6-4A3F-8AA2-7ACA99ACF2A2}.Debug|Any CPU.Build.0 = Debug|Any CPU
		{EE808E7B-14E6-4A3F-8AA2-7ACA99ACF2A2}.Release|Any CPU.ActiveCfg = Release|Any CPU
		{EE808E7B-14E6-4A3F-8AA2-7ACA99ACF2A2}.Release|Any CPU.Build.0 = Release|Any CPU
	EndGlobalSection
	GlobalSection(SolutionProperties) = preSolution
		HideSolutionNode = FALSE
	EndGlobalSection
	GlobalSection(ExtensibilityGlobals) = postSolution
		SolutionGuid = {CBCEB582-18D7-4F46-BA7C-A7D3DE312355}
	EndGlobalSection
EndGlobal
