
Microsoft Visual Studio Solution File, Format Version 12.00
# Visual Studio Version 17
VisualStudioVersion = 17.4.33213.308
MinimumVisualStudioVersion = 10.0.40219.1
Project("{FAE04EC0-301F-11D3-BF4B-00C04F79EFBC}") = "CallingMethods", "CallingMethods.csproj", "{29D5ABB8-969B-4757-996F-8207F71D5503}"
EndProject
Global
	GlobalSection(SolutionConfigurationPlatforms) = preSolution
		Debug|Any CPU = Debug|Any CPU
		Release|Any CPU = Release|Any CPU
	EndGlobalSection
	GlobalSection(ProjectConfigurationPlatforms) = postSolution
		{29D5ABB8-969B-4757-996F-8207F71D5503}.Debug|Any CPU.ActiveCfg = Debug|Any CPU
		{29D5ABB8-969B-4757-996F-8207F71D5503}.Debug|Any CPU.Build.0 = Debug|Any CPU
		{29D5ABB8-969B-4757-996F-8207F71D5503}.Release|Any CPU.ActiveCfg = Release|Any CPU
		{29D5ABB8-969B-4757-996F-8207F71D5503}.Release|Any CPU.Build.0 = Release|Any CPU
	EndGlobalSection
	GlobalSection(SolutionProperties) = preSolution
		HideSolutionNode = FALSE
	EndGlobalSection
	GlobalSection(ExtensibilityGlobals) = postSolution
		SolutionGuid = {7BC4BD1E-E2CE-4142-A9DA-35D30063A709}
	EndGlobalSection
EndGlobal
