
Microsoft Visual Studio Solution File, Format Version 12.00
# Visual Studio Version 17
VisualStudioVersion = 17.4.33213.308
MinimumVisualStudioVersion = 10.0.40219.1
Project("{FAE04EC0-301F-11D3-BF4B-00C04F79EFBC}") = "MainMethod", "MainMethod.csproj", "{8B2860C4-F09A-409B-8C68-FE66FA5AFF6E}"
EndProject
Global
	GlobalSection(SolutionConfigurationPlatforms) = preSolution
		Debug|Any CPU = Debug|Any CPU
		Release|Any CPU = Release|Any CPU
	EndGlobalSection
	GlobalSection(ProjectConfigurationPlatforms) = postSolution
		{8B2860C4-F09A-409B-8C68-FE66FA5AFF6E}.Debug|Any CPU.ActiveCfg = Debug|Any CPU
		{8B2860C4-F09A-409B-8C68-FE66FA5AFF6E}.Debug|Any CPU.Build.0 = Debug|Any CPU
		{8B2860C4-F09A-409B-8C68-FE66FA5AFF6E}.Release|Any CPU.ActiveCfg = Release|Any CPU
		{8B2860C4-F09A-409B-8C68-FE66FA5AFF6E}.Release|Any CPU.Build.0 = Release|Any CPU
	EndGlobalSection
	GlobalSection(SolutionProperties) = preSolution
		HideSolutionNode = FALSE
	EndGlobalSection
	GlobalSection(ExtensibilityGlobals) = postSolution
		SolutionGuid = {F83EDF4E-1955-407A-9A7D-ADA849F8A6A1}
	EndGlobalSection
EndGlobal
