
Microsoft Visual Studio Solution File, Format Version 12.00
# Visual Studio Version 17
VisualStudioVersion = 17.4.33213.308
MinimumVisualStudioVersion = 10.0.40219.1
Project("{FAE04EC0-301F-11D3-BF4B-00C04F79EFBC}") = "Constructors", "Constructors.csproj", "{1255C5A2-74AC-4B80-80E4-2D515946D432}"
EndProject
Global
	GlobalSection(SolutionConfigurationPlatforms) = preSolution
		Debug|Any CPU = Debug|Any CPU
		Release|Any CPU = Release|Any CPU
	EndGlobalSection
	GlobalSection(ProjectConfigurationPlatforms) = postSolution
		{1255C5A2-74AC-4B80-80E4-2D515946D432}.Debug|Any CPU.ActiveCfg = Debug|Any CPU
		{1255C5A2-74AC-4B80-80E4-2D515946D432}.Debug|Any CPU.Build.0 = Debug|Any CPU
		{1255C5A2-74AC-4B80-80E4-2D515946D432}.Release|Any CPU.ActiveCfg = Release|Any CPU
		{1255C5A2-74AC-4B80-80E4-2D515946D432}.Release|Any CPU.Build.0 = Release|Any CPU
	EndGlobalSection
	GlobalSection(SolutionProperties) = preSolution
		HideSolutionNode = FALSE
	EndGlobalSection
	GlobalSection(ExtensibilityGlobals) = postSolution
		SolutionGuid = {98D80B9E-4C07-4CE7-B553-0949E6146254}
	EndGlobalSection
EndGlobal
