
Microsoft Visual Studio Solution File, Format Version 12.00
# Visual Studio Version 17
VisualStudioVersion = 17.4.33213.308
MinimumVisualStudioVersion = 10.0.40219.1
Project("{FAE04EC0-301F-11D3-BF4B-00C04F79EFBC}") = "StringsAndIntegers", "StringsAndIntegers.csproj", "{8494E43C-2581-4329-B9D7-E4F7538BBB99}"
EndProject
Global
	GlobalSection(SolutionConfigurationPlatforms) = preSolution
		Debug|Any CPU = Debug|Any CPU
		Release|Any CPU = Release|Any CPU
	EndGlobalSection
	GlobalSection(ProjectConfigurationPlatforms) = postSolution
		{8494E43C-2581-4329-B9D7-E4F7538BBB99}.Debug|Any CPU.ActiveCfg = Debug|Any CPU
		{8494E43C-2581-4329-B9D7-E4F7538BBB99}.Debug|Any CPU.Build.0 = Debug|Any CPU
		{8494E43C-2581-4329-B9D7-E4F7538BBB99}.Release|Any CPU.ActiveCfg = Release|Any CPU
		{8494E43C-2581-4329-B9D7-E4F7538BBB99}.Release|Any CPU.Build.0 = Release|Any CPU
	EndGlobalSection
	GlobalSection(SolutionProperties) = preSolution
		HideSolutionNode = FALSE
	EndGlobalSection
	GlobalSection(ExtensibilityGlobals) = postSolution
		SolutionGuid = {C36EE145-4E9F-4B1E-B830-63B0C65A4B96}
	EndGlobalSection
EndGlobal
