
Microsoft Visual Studio Solution File, Format Version 12.00
# Visual Studio Version 17
VisualStudioVersion = 17.4.33213.308
MinimumVisualStudioVersion = 10.0.40219.1
Project("{FAE04EC0-301F-11D3-BF4B-00C04F79EFBC}") = "whatTime", "whatTime.csproj", "{10C14E1D-74CE-4D86-BC4D-E93C686C63E1}"
EndProject
Global
	GlobalSection(SolutionConfigurationPlatforms) = preSolution
		Debug|Any CPU = Debug|Any CPU
		Release|Any CPU = Release|Any CPU
	EndGlobalSection
	GlobalSection(ProjectConfigurationPlatforms) = postSolution
		{10C14E1D-74CE-4D86-BC4D-E93C686C63E1}.Debug|Any CPU.ActiveCfg = Debug|Any CPU
		{10C14E1D-74CE-4D86-BC4D-E93C686C63E1}.Debug|Any CPU.Build.0 = Debug|Any CPU
		{10C14E1D-74CE-4D86-BC4D-E93C686C63E1}.Release|Any CPU.ActiveCfg = Release|Any CPU
		{10C14E1D-74CE-4D86-BC4D-E93C686C63E1}.Release|Any CPU.Build.0 = Release|Any CPU
	EndGlobalSection
	GlobalSection(SolutionProperties) = preSolution
		HideSolutionNode = FALSE
	EndGlobalSection
	GlobalSection(ExtensibilityGlobals) = postSolution
		SolutionGuid = {B785D5DE-A821-4B39-AA30-019EB5ECCBE2}
	EndGlobalSection
EndGlobal
