
Microsoft Visual Studio Solution File, Format Version 12.00
# Visual Studio Version 17
VisualStudioVersion = 17.4.33213.308
MinimumVisualStudioVersion = 10.0.40219.1
Project("{FAE04EC0-301F-11D3-BF4B-00C04F79EFBC}") = "AbstractClass", "AbstractClass.csproj", "{350FD52E-C468-41A5-9F62-477E994612B9}"
EndProject
Global
	GlobalSection(SolutionConfigurationPlatforms) = preSolution
		Debug|Any CPU = Debug|Any CPU
		Release|Any CPU = Release|Any CPU
	EndGlobalSection
	GlobalSection(ProjectConfigurationPlatforms) = postSolution
		{350FD52E-C468-41A5-9F62-477E994612B9}.Debug|Any CPU.ActiveCfg = Debug|Any CPU
		{350FD52E-C468-41A5-9F62-477E994612B9}.Debug|Any CPU.Build.0 = Debug|Any CPU
		{350FD52E-C468-41A5-9F62-477E994612B9}.Release|Any CPU.ActiveCfg = Release|Any CPU
		{350FD52E-C468-41A5-9F62-477E994612B9}.Release|Any CPU.Build.0 = Release|Any CPU
	EndGlobalSection
	GlobalSection(SolutionProperties) = preSolution
		HideSolutionNode = FALSE
	EndGlobalSection
	GlobalSection(ExtensibilityGlobals) = postSolution
		SolutionGuid = {E5A69109-A931-43C8-BBBD-252C64987FCE}
	EndGlobalSection
EndGlobal
